
Microsoft Visual Studio Solution File, Format Version 10.00
# Visual C++ Express 2008
Project("{8BC9CEB8-8B4A-11D0-8D11-00A0C91BC942}") = "cwsw_smeng_c", "cwsw_smeng_c.vcproj", "{9842A72C-684A-4EA8-BCEA-EEE2C4F67560}"
EndProject
Global
	GlobalSection(SolutionConfigurationPlatforms) = preSolution
		Debug|Win32 = Debug|Win32
		Release|Win32 = Release|Win32
	EndGlobalSection
	GlobalSection(ProjectConfigurationPlatforms) = postSolution
		{9842A72C-684A-4EA8-BCEA-EEE2C4F67560}.Debug|Win32.ActiveCfg = Debug|Win32
		{9842A72C-684A-4EA8-BCEA-EEE2C4F67560}.Debug|Win32.Build.0 = Debug|Win32
		{9842A72C-684A-4EA8-BCEA-EEE2C4F67560}.Release|Win32.ActiveCfg = Release|Win32
		{9842A72C-684A-4EA8-BCEA-EEE2C4F67560}.Release|Win32.Build.0 = Release|Win32
	EndGlobalSection
	GlobalSection(SolutionProperties) = preSolution
		HideSolutionNode = FALSE
	EndGlobalSection
EndGlobal
